// !$*UTF8*$!
{
	archiveVersion = 1;
	classes = {
	};
	objectVersion = 46;
	objects = {

/* Begin PBXBuildFile section */
		341A1E4C1A39B0C600363D53 /* FeedViewController.swift in Sources */ = {isa = PBXBuildFile; fileRef = 341A1E4B1A39B0C600363D53 /* FeedViewController.swift */; };
		341A1E4E1A39B48600363D53 /* FeedCell.swift in Sources */ = {isa = PBXBuildFile; fileRef = 341A1E4D1A39B48600363D53 /* FeedCell.swift */; };
		341A1E501A39B74800363D53 /* MobileCoreServices.framework in Frameworks */ = {isa = PBXBuildFile; fileRef = 341A1E4F1A39B74800363D53 /* MobileCoreServices.framework */; };
		345644D31A3900D600751817 /* AppDelegate.swift in Sources */ = {isa = PBXBuildFile; fileRef = 345644D21A3900D600751817 /* AppDelegate.swift */; };
		345644D61A3900D600751817 /* ExchangeAGram.xcdatamodeld in Sources */ = {isa = PBXBuildFile; fileRef = 345644D41A3900D600751817 /* ExchangeAGram.xcdatamodeld */; };
		345644DB1A3900D600751817 /* Main.storyboard in Resources */ = {isa = PBXBuildFile; fileRef = 345644D91A3900D600751817 /* Main.storyboard */; };
		345644DD1A3900D600751817 /* Images.xcassets in Resources */ = {isa = PBXBuildFile; fileRef = 345644DC1A3900D600751817 /* Images.xcassets */; };
		345644E01A3900D600751817 /* LaunchScreen.xib in Resources */ = {isa = PBXBuildFile; fileRef = 345644DE1A3900D600751817 /* LaunchScreen.xib */; };
		345644EC1A3900D600751817 /* ExchangeAGramTests.swift in Sources */ = {isa = PBXBuildFile; fileRef = 345644EB1A3900D600751817 /* ExchangeAGramTests.swift */; };
		347CB8B51A3C7C2F00B01393 /* FeedItem.swift in Sources */ = {isa = PBXBuildFile; fileRef = 347CB8B41A3C7C2F00B01393 /* FeedItem.swift */; };
		347CB8B81A3C9B2200B01393 /* ProfileViewController.swift in Sources */ = {isa = PBXBuildFile; fileRef = 347CB8B71A3C9B2200B01393 /* ProfileViewController.swift */; };
		34B51FF61A3B0A0000950E68 /* FilterViewController.swift in Sources */ = {isa = PBXBuildFile; fileRef = 34B51FF51A3B0A0000950E68 /* FilterViewController.swift */; };
		34B51FF81A3B0FFA00950E68 /* FilterCell.swift in Sources */ = {isa = PBXBuildFile; fileRef = 34B51FF71A3B0FFA00950E68 /* FilterCell.swift */; };
/* End PBXBuildFile section */

/* Begin PBXContainerItemProxy section */
		345644E61A3900D600751817 /* PBXContainerItemProxy */ = {
			isa = PBXContainerItemProxy;
			containerPortal = 345644C51A3900D600751817 /* Project object */;
			proxyType = 1;
			remoteGlobalIDString = 345644CC1A3900D600751817;
			remoteInfo = ExchangeAGram;
		};
/* End PBXContainerItemProxy section */

/* Begin PBXFileReference section */
		341A1E4B1A39B0C600363D53 /* FeedViewController.swift */ = {isa = PBXFileReference; fileEncoding = 4; lastKnownFileType = sourcecode.swift; path = FeedViewController.swift; sourceTree = "<group>"; };
		341A1E4D1A39B48600363D53 /* FeedCell.swift */ = {isa = PBXFileReference; fileEncoding = 4; lastKnownFileType = sourcecode.swift; path = FeedCell.swift; sourceTree = "<group>"; };
		341A1E4F1A39B74800363D53 /* MobileCoreServices.framework */ = {isa = PBXFileReference; lastKnownFileType = wrapper.framework; name = MobileCoreServices.framework; path = System/Library/Frameworks/MobileCoreServices.framework; sourceTree = SDKROOT; };
		345644CD1A3900D600751817 /* ExchangeAGram.app */ = {isa = PBXFileReference; explicitFileType = wrapper.application; includeInIndex = 0; path = ExchangeAGram.app; sourceTree = BUILT_PRODUCTS_DIR; };
		345644D11A3900D600751817 /* Info.plist */ = {isa = PBXFileReference; lastKnownFileType = text.plist.xml; path = Info.plist; sourceTree = "<group>"; };
		345644D21A3900D600751817 /* AppDelegate.swift */ = {isa = PBXFileReference; lastKnownFileType = sourcecode.swift; path = AppDelegate.swift; sourceTree = "<group>"; };
		345644D51A3900D600751817 /* ExchangeAGram.xcdatamodel */ = {isa = PBXFileReference; lastKnownFileType = wrapper.xcdatamodel; path = ExchangeAGram.xcdatamodel; sourceTree = "<group>"; };
		345644DA1A3900D600751817 /* Base */ = {isa = PBXFileReference; lastKnownFileType = file.storyboard; name = Base; path = Base.lproj/Main.storyboard; sourceTree = "<group>"; };
		345644DC1A3900D600751817 /* Images.xcassets */ = {isa = PBXFileReference; lastKnownFileType = folder.assetcatalog; path = Images.xcassets; sourceTree = "<group>"; };
		345644DF1A3900D600751817 /* Base */ = {isa = PBXFileReference; lastKnownFileType = file.xib; name = Base; path = Base.lproj/LaunchScreen.xib; sourceTree = "<group>"; };
		345644E51A3900D600751817 /* ExchangeAGramTests.xctest */ = {isa = PBXFileReference; explicitFileType = wrapper.cfbundle; includeInIndex = 0; path = ExchangeAGramTests.xctest; sourceTree = BUILT_PRODUCTS_DIR; };
		345644EA1A3900D600751817 /* Info.plist */ = {isa = PBXFileReference; lastKnownFileType = text.plist.xml; path = Info.plist; sourceTree = "<group>"; };
		345644EB1A3900D600751817 /* ExchangeAGramTests.swift */ = {isa = PBXFileReference; lastKnownFileType = sourcecode.swift; path = ExchangeAGramTests.swift; sourceTree = "<group>"; };
		347CB8B41A3C7C2F00B01393 /* FeedItem.swift */ = {isa = PBXFileReference; fileEncoding = 4; lastKnownFileType = sourcecode.swift; name = FeedItem.swift; path = ../FeedItem.swift; sourceTree = "<group>"; };
		347CB8B71A3C9B2200B01393 /* ProfileViewController.swift */ = {isa = PBXFileReference; fileEncoding = 4; lastKnownFileType = sourcecode.swift; path = ProfileViewController.swift; sourceTree = "<group>"; };
		34B51FF51A3B0A0000950E68 /* FilterViewController.swift */ = {isa = PBXFileReference; fileEncoding = 4; lastKnownFileType = sourcecode.swift; path = FilterViewController.swift; sourceTree = "<group>"; };
		34B51FF71A3B0FFA00950E68 /* FilterCell.swift */ = {isa = PBXFileReference; fileEncoding = 4; lastKnownFileType = sourcecode.swift; path = FilterCell.swift; sourceTree = "<group>"; };
/* End PBXFileReference section */

/* Begin PBXFrameworksBuildPhase section */
		345644CA1A3900D600751817 /* Frameworks */ = {
			isa = PBXFrameworksBuildPhase;
			buildActionMask = 2147483647;
			files = (
				341A1E501A39B74800363D53 /* MobileCoreServices.framework in Frameworks */,
			);
			runOnlyForDeploymentPostprocessing = 0;
		};
		345644E21A3900D600751817 /* Frameworks */ = {
			isa = PBXFrameworksBuildPhase;
			buildActionMask = 2147483647;
			files = (
			);
			runOnlyForDeploymentPostprocessing = 0;
		};
/* End PBXFrameworksBuildPhase section */

/* Begin PBXGroup section */
		345644C41A3900D600751817 = {
			isa = PBXGroup;
			children = (
				345644CF1A3900D600751817 /* ExchangeAGram */,
				345644E81A3900D600751817 /* ExchangeAGramTests */,
				345644CE1A3900D600751817 /* Products */,
			);
			sourceTree = "<group>";
		};
		345644CE1A3900D600751817 /* Products */ = {
			isa = PBXGroup;
			children = (
				345644CD1A3900D600751817 /* ExchangeAGram.app */,
				345644E51A3900D600751817 /* ExchangeAGramTests.xctest */,
			);
			name = Products;
			sourceTree = "<group>";
		};
		345644CF1A3900D600751817 /* ExchangeAGram */ = {
			isa = PBXGroup;
			children = (
				345644D21A3900D600751817 /* AppDelegate.swift */,
				341A1E4B1A39B0C600363D53 /* FeedViewController.swift */,
				34B51FF51A3B0A0000950E68 /* FilterViewController.swift */,
				341A1E4D1A39B48600363D53 /* FeedCell.swift */,
				34B51FF71A3B0FFA00950E68 /* FilterCell.swift */,
				347CB8B71A3C9B2200B01393 /* ProfileViewController.swift */,
				345644D91A3900D600751817 /* Main.storyboard */,
				345644DC1A3900D600751817 /* Images.xcassets */,
				345644DE1A3900D600751817 /* LaunchScreen.xib */,
				347CB8B61A3C7C5400B01393 /* Model */,
				345644D01A3900D600751817 /* Supporting Files */,
			);
			path = ExchangeAGram;
			sourceTree = "<group>";
		};
		345644D01A3900D600751817 /* Supporting Files */ = {
			isa = PBXGroup;
			children = (
				341A1E4F1A39B74800363D53 /* MobileCoreServices.framework */,
				345644D11A3900D600751817 /* Info.plist */,
			);
			name = "Supporting Files";
			sourceTree = "<group>";
		};
		345644E81A3900D600751817 /* ExchangeAGramTests */ = {
			isa = PBXGroup;
			children = (
				345644EB1A3900D600751817 /* ExchangeAGramTests.swift */,
				345644E91A3900D600751817 /* Supporting Files */,
			);
			path = ExchangeAGramTests;
			sourceTree = "<group>";
		};
		345644E91A3900D600751817 /* Supporting Files */ = {
			isa = PBXGroup;
			children = (
				345644EA1A3900D600751817 /* Info.plist */,
			);
			name = "Supporting Files";
			sourceTree = "<group>";
		};
		347CB8B61A3C7C5400B01393 /* Model */ = {
			isa = PBXGroup;
			children = (
				345644D41A3900D600751817 /* ExchangeAGram.xcdatamodeld */,
				347CB8B41A3C7C2F00B01393 /* FeedItem.swift */,
			);
			name = Model;
			sourceTree = "<group>";
		};
/* End PBXGroup section */

/* Begin PBXNativeTarget section */
		345644CC1A3900D600751817 /* ExchangeAGram */ = {
			isa = PBXNativeTarget;
			buildConfigurationList = 345644EF1A3900D600751817 /* Build configuration list for PBXNativeTarget "ExchangeAGram" */;
			buildPhases = (
				345644C91A3900D600751817 /* Sources */,
				345644CA1A3900D600751817 /* Frameworks */,
				345644CB1A3900D600751817 /* Resources */,
			);
			buildRules = (
			);
			dependencies = (
			);
			name = ExchangeAGram;
			productName = ExchangeAGram;
			productReference = 345644CD1A3900D600751817 /* ExchangeAGram.app */;
			productType = "com.apple.product-type.application";
		};
		345644E41A3900D600751817 /* ExchangeAGramTests */ = {
			isa = PBXNativeTarget;
			buildConfigurationList = 345644F21A3900D600751817 /* Build configuration list for PBXNativeTarget "ExchangeAGramTests" */;
			buildPhases = (
				345644E11A3900D600751817 /* Sources */,
				345644E21A3900D600751817 /* Frameworks */,
				345644E31A3900D600751817 /* Resources */,
			);
			buildRules = (
			);
			dependencies = (
				345644E71A3900D600751817 /* PBXTargetDependency */,
			);
			name = ExchangeAGramTests;
			productName = ExchangeAGramTests;
			productReference = 345644E51A3900D600751817 /* ExchangeAGramTests.xctest */;
			productType = "com.apple.product-type.bundle.unit-test";
		};
/* End PBXNativeTarget section */

/* Begin PBXProject section */
		345644C51A3900D600751817 /* Project object */ = {
			isa = PBXProject;
			attributes = {
				LastUpgradeCheck = 0610;
				ORGANIZATIONNAME = "Mauro Consiglio";
				TargetAttributes = {
					345644CC1A3900D600751817 = {
						CreatedOnToolsVersion = 6.1.1;
					};
					345644E41A3900D600751817 = {
						CreatedOnToolsVersion = 6.1.1;
						TestTargetID = 345644CC1A3900D600751817;
					};
				};
			};
			buildConfigurationList = 345644C81A3900D600751817 /* Build configuration list for PBXProject "ExchangeAGram" */;
			compatibilityVersion = "Xcode 3.2";
			developmentRegion = English;
			hasScannedForEncodings = 0;
			knownRegions = (
				en,
				Base,
			);
			mainGroup = 345644C41A3900D600751817;
			productRefGroup = 345644CE1A3900D600751817 /* Products */;
			projectDirPath = "";
			projectRoot = "";
			targets = (
				345644CC1A3900D600751817 /* ExchangeAGram */,
				345644E41A3900D600751817 /* ExchangeAGramTests */,
			);
		};
/* End PBXProject section */

/* Begin PBXResourcesBuildPhase section */
		345644CB1A3900D600751817 /* Resources */ = {
			isa = PBXResourcesBuildPhase;
			buildActionMask = 2147483647;
			files = (
				345644DB1A3900D600751817 /* Main.storyboard in Resources */,
				345644E01A3900D600751817 /* LaunchScreen.xib in Resources */,
				345644DD1A3900D600751817 /* Images.xcassets in Resources */,
			);
			runOnlyForDeploymentPostprocessing = 0;
		};
		345644E31A3900D600751817 /* Resources */ = {
			isa = PBXResourcesBuildPhase;
			buildActionMask = 2147483647;
			files = (
			);
			runOnlyForDeploymentPostprocessing = 0;
		};
/* End PBXResourcesBuildPhase section */

/* Begin PBXSourcesBuildPhase section */
		345644C91A3900D600751817 /* Sources */ = {
			isa = PBXSourcesBuildPhase;
			buildActionMask = 2147483647;
			files = (
				34B51FF81A3B0FFA00950E68 /* FilterCell.swift in Sources */,
				34B51FF61A3B0A0000950E68 /* FilterViewController.swift in Sources */,
				345644D31A3900D600751817 /* AppDelegate.swift in Sources */,
				341A1E4E1A39B48600363D53 /* FeedCell.swift in Sources */,
				341A1E4C1A39B0C600363D53 /* FeedViewController.swift in Sources */,
				347CB8B51A3C7C2F00B01393 /* FeedItem.swift in Sources */,
				347CB8B81A3C9B2200B01393 /* ProfileViewController.swift in Sources */,
				345644D61A3900D600751817 /* ExchangeAGram.xcdatamodeld in Sources */,
			);
			runOnlyForDeploymentPostprocessing = 0;
		};
		345644E11A3900D600751817 /* Sources */ = {
			isa = PBXSourcesBuildPhase;
			buildActionMask = 2147483647;
			files = (
				345644EC1A3900D600751817 /* ExchangeAGramTests.swift in Sources */,
			);
			runOnlyForDeploymentPostprocessing = 0;
		};
/* End PBXSourcesBuildPhase section */

/* Begin PBXTargetDependency section */
		345644E71A3900D600751817 /* PBXTargetDependency */ = {
			isa = PBXTargetDependency;
			target = 345644CC1A3900D600751817 /* ExchangeAGram */;
			targetProxy = 345644E61A3900D600751817 /* PBXContainerItemProxy */;
		};
/* End PBXTargetDependency section */

/* Begin PBXVariantGroup section */
		345644D91A3900D600751817 /* Main.storyboard */ = {
			isa = PBXVariantGroup;
			children = (
				345644DA1A3900D600751817 /* Base */,
			);
			name = Main.storyboard;
			sourceTree = "<group>";
		};
		345644DE1A3900D600751817 /* LaunchScreen.xib */ = {
			isa = PBXVariantGroup;
			children = (
				345644DF1A3900D600751817 /* Base */,
			);
			name = LaunchScreen.xib;
			sourceTree = "<group>";
		};
/* End PBXVariantGroup section */

/* Begin XCBuildConfiguration section */
		345644ED1A3900D600751817 /* Debug */ = {
			isa = XCBuildConfiguration;
			buildSettings = {
				ALWAYS_SEARCH_USER_PATHS = NO;
				CLANG_CXX_LANGUAGE_STANDARD = "gnu++0x";
				CLANG_CXX_LIBRARY = "libc++";
				CLANG_ENABLE_MODULES = YES;
				CLANG_ENABLE_OBJC_ARC = YES;
				CLANG_WARN_BOOL_CONVERSION = YES;
				CLANG_WARN_CONSTANT_CONVERSION = YES;
				CLANG_WARN_DIRECT_OBJC_ISA_USAGE = YES_ERROR;
				CLANG_WARN_EMPTY_BODY = YES;
				CLANG_WARN_ENUM_CONVERSION = YES;
				CLANG_WARN_INT_CONVERSION = YES;
				CLANG_WARN_OBJC_ROOT_CLASS = YES_ERROR;
				CLANG_WARN_UNREACHABLE_CODE = YES;
				CLANG_WARN__DUPLICATE_METHOD_MATCH = YES;
				"CODE_SIGN_IDENTITY[sdk=iphoneos*]" = "iPhone Developer";
				COPY_PHASE_STRIP = NO;
				ENABLE_STRICT_OBJC_MSGSEND = YES;
				GCC_C_LANGUAGE_STANDARD = gnu99;
				GCC_DYNAMIC_NO_PIC = NO;
				GCC_OPTIMIZATION_LEVEL = 0;
				GCC_PREPROCESSOR_DEFINITIONS = (
					"DEBUG=1",
					"$(inherited)",
				);
				GCC_SYMBOLS_PRIVATE_EXTERN = NO;
				GCC_WARN_64_TO_32_BIT_CONVERSION = YES;
				GCC_WARN_ABOUT_RETURN_TYPE = YES_ERROR;
				GCC_WARN_UNDECLARED_SELECTOR = YES;
				GCC_WARN_UNINITIALIZED_AUTOS = YES_AGGRESSIVE;
				GCC_WARN_UNUSED_FUNCTION = YES;
				GCC_WARN_UNUSED_VARIABLE = YES;
				IPHONEOS_DEPLOYMENT_TARGET = 8.1;
				MTL_ENABLE_DEBUG_INFO = YES;
				ONLY_ACTIVE_ARCH = YES;
				SDKROOT = iphoneos;
				SWIFT_OPTIMIZATION_LEVEL = "-Onone";
				TARGETED_DEVICE_FAMILY = "1,2";
			};
			name = Debug;
		};
		345644EE1A3900D600751817 /* Release */ = {
			isa = XCBuildConfiguration;
			buildSettings = {
				ALWAYS_SEARCH_USER_PATHS = NO;
				CLANG_CXX_LANGUAGE_STANDARD = "gnu++0x";
				CLANG_CXX_LIBRARY = "libc++";
				CLANG_ENABLE_MODULES = YES;
				CLANG_ENABLE_OBJC_ARC = YES;
				CLANG_WARN_BOOL_CONVERSION = YES;
				CLANG_WARN_CONSTANT_CONVERSION = YES;
				CLANG_WARN_DIRECT_OBJC_ISA_USAGE = YES_ERROR;
				CLANG_WARN_EMPTY_BODY = YES;
				CLANG_WARN_ENUM_CONVERSION = YES;
				CLANG_WARN_INT_CONVERSION = YES;
				CLANG_WARN_OBJC_ROOT_CLASS = YES_ERROR;
				CLANG_WARN_UNREACHABLE_CODE = YES;
				CLANG_WARN__DUPLICATE_METHOD_MATCH = YES;
				"CODE_SIGN_IDENTITY[sdk=iphoneos*]" = "iPhone Developer";
				COPY_PHASE_STRIP = YES;
				ENABLE_NS_ASSERTIONS = NO;
				ENABLE_STRICT_OBJC_MSGSEND = YES;
				GCC_C_LANGUAGE_STANDARD = gnu99;
				GCC_WARN_64_TO_32_BIT_CONVERSION = YES;
				GCC_WARN_ABOUT_RETURN_TYPE = YES_ERROR;
				GCC_WARN_UNDECLARED_SELECTOR = YES;
				GCC_WARN_UNINITIALIZED_AUTOS = YES_AGGRESSIVE;
				GCC_WARN_UNUSED_FUNCTION = YES;
				GCC_WARN_UNUSED_VARIABLE = YES;
				IPHONEOS_DEPLOYMENT_TARGET = 8.1;
				MTL_ENABLE_DEBUG_INFO = NO;
				SDKROOT = iphoneos;
				TARGETED_DEVICE_FAMILY = "1,2";
				VALIDATE_PRODUCT = YES;
			};
			name = Release;
		};
		345644F01A3900D600751817 /* Debug */ = {
			isa = XCBuildConfiguration;
			buildSettings = {
				ASSETCATALOG_COMPILER_APPICON_NAME = AppIcon;
				INFOPLIST_FILE = ExchangeAGram/Info.plist;
				LD_RUNPATH_SEARCH_PATHS = "$(inherited) @executable_path/Frameworks";
				PRODUCT_NAME = "$(TARGET_NAME)";
			};
			name = Debug;
		};
		345644F11A3900D600751817 /* Release */ = {
			isa = XCBuildConfiguration;
			buildSettings = {
				ASSETCATALOG_COMPILER_APPICON_NAME = AppIcon;
				INFOPLIST_FILE = ExchangeAGram/Info.plist;
				LD_RUNPATH_SEARCH_PATHS = "$(inherited) @executable_path/Frameworks";
				PRODUCT_NAME = "$(TARGET_NAME)";
			};
			name = Release;
		};
		345644F31A3900D600751817 /* Debug */ = {
			isa = XCBuildConfiguration;
			buildSettings = {
				BUNDLE_LOADER = "$(TEST_HOST)";
				FRAMEWORK_SEARCH_PATHS = (
					"$(SDKROOT)/Developer/Library/Frameworks",
					"$(inherited)",
				);
				GCC_PREPROCESSOR_DEFINITIONS = (
					"DEBUG=1",
					"$(inherited)",
				);
				INFOPLIST_FILE = ExchangeAGramTests/Info.plist;
				LD_RUNPATH_SEARCH_PATHS = "$(inherited) @executable_path/Frameworks @loader_path/Frameworks";
				PRODUCT_NAME = "$(TARGET_NAME)";
				TEST_HOST = "$(BUILT_PRODUCTS_DIR)/ExchangeAGram.app/ExchangeAGram";
			};
			name = Debug;
		};
		345644F41A3900D600751817 /* Release */ = {
			isa = XCBuildConfiguration;
			buildSettings = {
				BUNDLE_LOADER = "$(TEST_HOST)";
				FRAMEWORK_SEARCH_PATHS = (
					"$(SDKROOT)/Developer/Library/Frameworks",
					"$(inherited)",
				);
				INFOPLIST_FILE = ExchangeAGramTests/Info.plist;
				LD_RUNPATH_SEARCH_PATHS = "$(inherited) @executable_path/Frameworks @loader_path/Frameworks";
				PRODUCT_NAME = "$(TARGET_NAME)";
				TEST_HOST = "$(BUILT_PRODUCTS_DIR)/ExchangeAGram.app/ExchangeAGram";
			};
			name = Release;
		};
/* End XCBuildConfiguration section */

/* Begin XCConfigurationList section */
		345644C81A3900D600751817 /* Build configuration list for PBXProject "ExchangeAGram" */ = {
			isa = XCConfigurationList;
			buildConfigurations = (
				345644ED1A3900D600751817 /* Debug */,
				345644EE1A3900D600751817 /* Release */,
			);
			defaultConfigurationIsVisible = 0;
			defaultConfigurationName = Release;
		};
		345644EF1A3900D600751817 /* Build configuration list for PBXNativeTarget "ExchangeAGram" */ = {
			isa = XCConfigurationList;
			buildConfigurations = (
				345644F01A3900D600751817 /* Debug */,
				345644F11A3900D600751817 /* Release */,
			);
			defaultConfigurationIsVisible = 0;
			defaultConfigurationName = Release;
		};
		345644F21A3900D600751817 /* Build configuration list for PBXNativeTarget "ExchangeAGramTests" */ = {
			isa = XCConfigurationList;
			buildConfigurations = (
				345644F31A3900D600751817 /* Debug */,
				345644F41A3900D600751817 /* Release */,
			);
			defaultConfigurationIsVisible = 0;
			defaultConfigurationName = Release;
		};
/* End XCConfigurationList section */

/* Begin XCVersionGroup section */
		345644D41A3900D600751817 /* ExchangeAGram.xcdatamodeld */ = {
			isa = XCVersionGroup;
			children = (
				345644D51A3900D600751817 /* ExchangeAGram.xcdatamodel */,
			);
			currentVersion = 345644D51A3900D600751817 /* ExchangeAGram.xcdatamodel */;
			path = ExchangeAGram.xcdatamodeld;
			sourceTree = "<group>";
			versionGroupType = wrapper.xcdatamodel;
		};
/* End XCVersionGroup section */
	};
	rootObject = 345644C51A3900D600751817 /* Project object */;
}
